// !$*UTF8*$!
{
	archiveVersion = 1;
	classes = {
	};
	objectVersion = 46;
	objects = {

/* Begin PBXBuildFile section */
		4BB8020C191F00F000662F2D /* Foundation.framework in Frameworks */ = {isa = PBXBuildFile; fileRef = 4BB8020B191F00F000662F2D /* Foundation.framework */; };
		4BB8020E191F00F000662F2D /* CoreGraphics.framework in Frameworks */ = {isa = PBXBuildFile; fileRef = 4BB8020D191F00F000662F2D /* CoreGraphics.framework */; };
		4BB80210191F00F000662F2D /* UIKit.framework in Frameworks */ = {isa = PBXBuildFile; fileRef = 4BB8020F191F00F000662F2D /* UIKit.framework */; };
		4BB80216191F00F000662F2D /* InfoPlist.strings in Resources */ = {isa = PBXBuildFile; fileRef = 4BB80214191F00F000662F2D /* InfoPlist.strings */; };
		4BB80218191F00F000662F2D /* main.m in Sources */ = {isa = PBXBuildFile; fileRef = 4BB80217191F00F000662F2D /* main.m */; };
		4BB8021C191F00F000662F2D /* MFAppDelegate.m in Sources */ = {isa = PBXBuildFile; fileRef = 4BB8021B191F00F000662F2D /* MFAppDelegate.m */; };
		4BB8021F191F00F000662F2D /* Main.storyboard in Resources */ = {isa = PBXBuildFile; fileRef = 4BB8021D191F00F000662F2D /* Main.storyboard */; };
		4BB80222191F00F000662F2D /* MFListViewController.m in Sources */ = {isa = PBXBuildFile; fileRef = 4BB80221191F00F000662F2D /* MFListViewController.m */; };
		4BB80225191F00F000662F2D /* MFAboutViewController.m in Sources */ = {isa = PBXBuildFile; fileRef = 4BB80224191F00F000662F2D /* MFAboutViewController.m */; };
		4BB80227191F00F000662F2D /* Images.xcassets in Resources */ = {isa = PBXBuildFile; fileRef = 4BB80226191F00F000662F2D /* Images.xcassets */; };
		4BB8022E191F00F000662F2D /* XCTest.framework in Frameworks */ = {isa = PBXBuildFile; fileRef = 4BB8022D191F00F000662F2D /* XCTest.framework */; };
		4BB8022F191F00F000662F2D /* Foundation.framework in Frameworks */ = {isa = PBXBuildFile; fileRef = 4BB8020B191F00F000662F2D /* Foundation.framework */; };
		4BB80230191F00F000662F2D /* UIKit.framework in Frameworks */ = {isa = PBXBuildFile; fileRef = 4BB8020F191F00F000662F2D /* UIKit.framework */; };
		4BB80238191F00F000662F2D /* InfoPlist.strings in Resources */ = {isa = PBXBuildFile; fileRef = 4BB80236191F00F000662F2D /* InfoPlist.strings */; };
		4BB8023A191F00F000662F2D /* MFStudyTests.m in Sources */ = {isa = PBXBuildFile; fileRef = 4BB80239191F00F000662F2D /* MFStudyTests.m */; };
		4BB80246191F04A000662F2D /* MFSystemInfo.m in Sources */ = {isa = PBXBuildFile; fileRef = 4BB80245191F04A000662F2D /* MFSystemInfo.m */; };
		4BB80258191F2F5D00662F2D /* libsqlite3.0.dylib in Frameworks */ = {isa = PBXBuildFile; fileRef = 4BB80257191F2F5D00662F2D /* libsqlite3.0.dylib */; };
		4BB8025C191F2F9700662F2D /* MFDatabaseManager.m in Sources */ = {isa = PBXBuildFile; fileRef = 4BB8025B191F2F9700662F2D /* MFDatabaseManager.m */; };
		4BB8026B191F359B00662F2D /* FMDatabase+InMemoryOnDiskIO.m in Sources */ = {isa = PBXBuildFile; fileRef = 4BB8025F191F359B00662F2D /* FMDatabase+InMemoryOnDiskIO.m */; };
		4BB8026C191F359B00662F2D /* FMDatabase.m in Sources */ = {isa = PBXBuildFile; fileRef = 4BB80261191F359B00662F2D /* FMDatabase.m */; };
		4BB8026D191F359B00662F2D /* FMDatabaseAdditions.m in Sources */ = {isa = PBXBuildFile; fileRef = 4BB80263191F359B00662F2D /* FMDatabaseAdditions.m */; };
		4BB8026E191F359B00662F2D /* FMDatabasePool.m in Sources */ = {isa = PBXBuildFile; fileRef = 4BB80265191F359B00662F2D /* FMDatabasePool.m */; };
		4BB8026F191F359B00662F2D /* FMDatabaseQueue.m in Sources */ = {isa = PBXBuildFile; fileRef = 4BB80267191F359B00662F2D /* FMDatabaseQueue.m */; };
		4BB80270191F359B00662F2D /* FMResultSet.m in Sources */ = {isa = PBXBuildFile; fileRef = 4BB8026A191F359B00662F2D /* FMResultSet.m */; };
		4BB80278191F3E6300662F2D /* MFFMDBViewController.m in Sources */ = {isa = PBXBuildFile; fileRef = 4BB80276191F3E6300662F2D /* MFFMDBViewController.m */; };
		4BB80279191F3E6300662F2D /* MFFMDBViewController.xib in Resources */ = {isa = PBXBuildFile; fileRef = 4BB80277191F3E6300662F2D /* MFFMDBViewController.xib */; };
/* End PBXBuildFile section */

/* Begin PBXContainerItemProxy section */
		4BB80231191F00F000662F2D /* PBXContainerItemProxy */ = {
			isa = PBXContainerItemProxy;
			containerPortal = 4BB80200191F00F000662F2D /* Project object */;
			proxyType = 1;
			remoteGlobalIDString = 4BB80207191F00F000662F2D;
			remoteInfo = MFStudy;
		};
/* End PBXContainerItemProxy section */

/* Begin PBXFileReference section */
		4BB80208191F00F000662F2D /* MFStudy.app */ = {isa = PBXFileReference; explicitFileType = wrapper.application; includeInIndex = 0; path = MFStudy.app; sourceTree = BUILT_PRODUCTS_DIR; };
		4BB8020B191F00F000662F2D /* Foundation.framework */ = {isa = PBXFileReference; lastKnownFileType = wrapper.framework; name = Foundation.framework; path = System/Library/Frameworks/Foundation.framework; sourceTree = SDKROOT; };
		4BB8020D191F00F000662F2D /* CoreGraphics.framework */ = {isa = PBXFileReference; lastKnownFileType = wrapper.framework; name = CoreGraphics.framework; path = System/Library/Frameworks/CoreGraphics.framework; sourceTree = SDKROOT; };
		4BB8020F191F00F000662F2D /* UIKit.framework */ = {isa = PBXFileReference; lastKnownFileType = wrapper.framework; name = UIKit.framework; path = System/Library/Frameworks/UIKit.framework; sourceTree = SDKROOT; };
		4BB80213191F00F000662F2D /* MFStudy-Info.plist */ = {isa = PBXFileReference; lastKnownFileType = text.plist.xml; path = "MFStudy-Info.plist"; sourceTree = "<group>"; };
		4BB80215191F00F000662F2D /* en */ = {isa = PBXFileReference; lastKnownFileType = text.plist.strings; name = en; path = en.lproj/InfoPlist.strings; sourceTree = "<group>"; };
		4BB80217191F00F000662F2D /* main.m */ = {isa = PBXFileReference; lastKnownFileType = sourcecode.c.objc; path = main.m; sourceTree = "<group>"; };
		4BB80219191F00F000662F2D /* MFStudy-Prefix.pch */ = {isa = PBXFileReference; lastKnownFileType = sourcecode.c.h; path = "MFStudy-Prefix.pch"; sourceTree = "<group>"; };
		4BB8021A191F00F000662F2D /* MFAppDelegate.h */ = {isa = PBXFileReference; lastKnownFileType = sourcecode.c.h; path = MFAppDelegate.h; sourceTree = "<group>"; };
		4BB8021B191F00F000662F2D /* MFAppDelegate.m */ = {isa = PBXFileReference; lastKnownFileType = sourcecode.c.objc; path = MFAppDelegate.m; sourceTree = "<group>"; };
		4BB8021E191F00F000662F2D /* Base */ = {isa = PBXFileReference; lastKnownFileType = file.storyboard; name = Base; path = Base.lproj/Main.storyboard; sourceTree = "<group>"; };
		4BB80220191F00F000662F2D /* MFListViewController.h */ = {isa = PBXFileReference; lastKnownFileType = sourcecode.c.h; path = MFListViewController.h; sourceTree = "<group>"; };
		4BB80221191F00F000662F2D /* MFListViewController.m */ = {isa = PBXFileReference; lastKnownFileType = sourcecode.c.objc; path = MFListViewController.m; sourceTree = "<group>"; };
		4BB80223191F00F000662F2D /* MFAboutViewController.h */ = {isa = PBXFileReference; lastKnownFileType = sourcecode.c.h; path = MFAboutViewController.h; sourceTree = "<group>"; };
		4BB80224191F00F000662F2D /* MFAboutViewController.m */ = {isa = PBXFileReference; lastKnownFileType = sourcecode.c.objc; path = MFAboutViewController.m; sourceTree = "<group>"; };
		4BB80226191F00F000662F2D /* Images.xcassets */ = {isa = PBXFileReference; lastKnownFileType = folder.assetcatalog; path = Images.xcassets; sourceTree = "<group>"; };
		4BB8022C191F00F000662F2D /* MFStudyTests.xctest */ = {isa = PBXFileReference; explicitFileType = wrapper.cfbundle; includeInIndex = 0; path = MFStudyTests.xctest; sourceTree = BUILT_PRODUCTS_DIR; };
		4BB8022D191F00F000662F2D /* XCTest.framework */ = {isa = PBXFileReference; lastKnownFileType = wrapper.framework; name = XCTest.framework; path = Library/Frameworks/XCTest.framework; sourceTree = DEVELOPER_DIR; };
		4BB80235191F00F000662F2D /* MFStudyTests-Info.plist */ = {isa = PBXFileReference; lastKnownFileType = text.plist.xml; path = "MFStudyTests-Info.plist"; sourceTree = "<group>"; };
		4BB80237191F00F000662F2D /* en */ = {isa = PBXFileReference; lastKnownFileType = text.plist.strings; name = en; path = en.lproj/InfoPlist.strings; sourceTree = "<group>"; };
		4BB80239191F00F000662F2D /* MFStudyTests.m */ = {isa = PBXFileReference; lastKnownFileType = sourcecode.c.objc; path = MFStudyTests.m; sourceTree = "<group>"; };
		4BB80244191F04A000662F2D /* MFSystemInfo.h */ = {isa = PBXFileReference; fileEncoding = 4; lastKnownFileType = sourcecode.c.h; path = MFSystemInfo.h; sourceTree = "<group>"; };
		4BB80245191F04A000662F2D /* MFSystemInfo.m */ = {isa = PBXFileReference; fileEncoding = 4; lastKnownFileType = sourcecode.c.objc; path = MFSystemInfo.m; sourceTree = "<group>"; };
		4BB80257191F2F5D00662F2D /* libsqlite3.0.dylib */ = {isa = PBXFileReference; lastKnownFileType = "compiled.mach-o.dylib"; name = libsqlite3.0.dylib; path = usr/lib/libsqlite3.0.dylib; sourceTree = SDKROOT; };
		4BB8025A191F2F9700662F2D /* MFDatabaseManager.h */ = {isa = PBXFileReference; fileEncoding = 4; lastKnownFileType = sourcecode.c.h; path = MFDatabaseManager.h; sourceTree = "<group>"; };
		4BB8025B191F2F9700662F2D /* MFDatabaseManager.m */ = {isa = PBXFileReference; fileEncoding = 4; lastKnownFileType = sourcecode.c.objc; path = MFDatabaseManager.m; sourceTree = "<group>"; };
		4BB8025E191F359B00662F2D /* FMDatabase+InMemoryOnDiskIO.h */ = {isa = PBXFileReference; fileEncoding = 4; lastKnownFileType = sourcecode.c.h; path = "FMDatabase+InMemoryOnDiskIO.h"; sourceTree = "<group>"; };
		4BB8025F191F359B00662F2D /* FMDatabase+InMemoryOnDiskIO.m */ = {isa = PBXFileReference; fileEncoding = 4; lastKnownFileType = sourcecode.c.objc; path = "FMDatabase+InMemoryOnDiskIO.m"; sourceTree = "<group>"; };
		4BB80260191F359B00662F2D /* FMDatabase.h */ = {isa = PBXFileReference; fileEncoding = 4; lastKnownFileType = sourcecode.c.h; path = FMDatabase.h; sourceTree = "<group>"; };
		4BB80261191F359B00662F2D /* FMDatabase.m */ = {isa = PBXFileReference; fileEncoding = 4; lastKnownFileType = sourcecode.c.objc; path = FMDatabase.m; sourceTree = "<group>"; };
		4BB80262191F359B00662F2D /* FMDatabaseAdditions.h */ = {isa = PBXFileReference; fileEncoding = 4; lastKnownFileType = sourcecode.c.h; path = FMDatabaseAdditions.h; sourceTree = "<group>"; };
		4BB80263191F359B00662F2D /* FMDatabaseAdditions.m */ = {isa = PBXFileReference; fileEncoding = 4; lastKnownFileType = sourcecode.c.objc; path = FMDatabaseAdditions.m; sourceTree = "<group>"; };
		4BB80264191F359B00662F2D /* FMDatabasePool.h */ = {isa = PBXFileReference; fileEncoding = 4; lastKnownFileType = sourcecode.c.h; path = FMDatabasePool.h; sourceTree = "<group>"; };
		4BB80265191F359B00662F2D /* FMDatabasePool.m */ = {isa = PBXFileReference; fileEncoding = 4; lastKnownFileType = sourcecode.c.objc; path = FMDatabasePool.m; sourceTree = "<group>"; };
		4BB80266191F359B00662F2D /* FMDatabaseQueue.h */ = {isa = PBXFileReference; fileEncoding = 4; lastKnownFileType = sourcecode.c.h; path = FMDatabaseQueue.h; sourceTree = "<group>"; };
		4BB80267191F359B00662F2D /* FMDatabaseQueue.m */ = {isa = PBXFileReference; fileEncoding = 4; lastKnownFileType = sourcecode.c.objc; path = FMDatabaseQueue.m; sourceTree = "<group>"; };
		4BB80268191F359B00662F2D /* FMDB.h */ = {isa = PBXFileReference; fileEncoding = 4; lastKnownFileType = sourcecode.c.h; path = FMDB.h; sourceTree = "<group>"; };
		4BB80269191F359B00662F2D /* FMResultSet.h */ = {isa = PBXFileReference; fileEncoding = 4; lastKnownFileType = sourcecode.c.h; path = FMResultSet.h; sourceTree = "<group>"; };
		4BB8026A191F359B00662F2D /* FMResultSet.m */ = {isa = PBXFileReference; fileEncoding = 4; lastKnownFileType = sourcecode.c.objc; path = FMResultSet.m; sourceTree = "<group>"; };
		4BB80272191F384D00662F2D /* NotificationHeader.h */ = {isa = PBXFileReference; fileEncoding = 4; lastKnownFileType = sourcecode.c.h; path = NotificationHeader.h; sourceTree = "<group>"; };
		4BB80274191F38B800662F2D /* Constant.h */ = {isa = PBXFileReference; fileEncoding = 4; lastKnownFileType = sourcecode.c.h; path = Constant.h; sourceTree = "<group>"; };
		4BB80275191F3E6300662F2D /* MFFMDBViewController.h */ = {isa = PBXFileReference; fileEncoding = 4; lastKnownFileType = sourcecode.c.h; path = MFFMDBViewController.h; sourceTree = "<group>"; };
		4BB80276191F3E6300662F2D /* MFFMDBViewController.m */ = {isa = PBXFileReference; fileEncoding = 4; lastKnownFileType = sourcecode.c.objc; path = MFFMDBViewController.m; sourceTree = "<group>"; };
		4BB80277191F3E6300662F2D /* MFFMDBViewController.xib */ = {isa = PBXFileReference; fileEncoding = 4; lastKnownFileType = file.xib; path = MFFMDBViewController.xib; sourceTree = "<group>"; };
/* End PBXFileReference section */

/* Begin PBXFrameworksBuildPhase section */
		4BB80205191F00F000662F2D /* Frameworks */ = {
			isa = PBXFrameworksBuildPhase;
			buildActionMask = 2147483647;
			files = (
				4BB80258191F2F5D00662F2D /* libsqlite3.0.dylib in Frameworks */,
				4BB8020E191F00F000662F2D /* CoreGraphics.framework in Frameworks */,
				4BB80210191F00F000662F2D /* UIKit.framework in Frameworks */,
				4BB8020C191F00F000662F2D /* Foundation.framework in Frameworks */,
			);
			runOnlyForDeploymentPostprocessing = 0;
		};
		4BB80229191F00F000662F2D /* Frameworks */ = {
			isa = PBXFrameworksBuildPhase;
			buildActionMask = 2147483647;
			files = (
				4BB8022E191F00F000662F2D /* XCTest.framework in Frameworks */,
				4BB80230191F00F000662F2D /* UIKit.framework in Frameworks */,
				4BB8022F191F00F000662F2D /* Foundation.framework in Frameworks */,
			);
			runOnlyForDeploymentPostprocessing = 0;
		};
/* End PBXFrameworksBuildPhase section */

/* Begin PBXGroup section */
		4BB801FF191F00F000662F2D = {
			isa = PBXGroup;
			children = (
				4BB80211191F00F000662F2D /* MFStudy */,
				4BB80233191F00F000662F2D /* MFStudyTests */,
				4BB8020A191F00F000662F2D /* Frameworks */,
				4BB80209191F00F000662F2D /* Products */,
			);
			sourceTree = "<group>";
		};
		4BB80209191F00F000662F2D /* Products */ = {
			isa = PBXGroup;
			children = (
				4BB80208191F00F000662F2D /* MFStudy.app */,
				4BB8022C191F00F000662F2D /* MFStudyTests.xctest */,
			);
			name = Products;
			sourceTree = "<group>";
		};
		4BB8020A191F00F000662F2D /* Frameworks */ = {
			isa = PBXGroup;
			children = (
				4BB80257191F2F5D00662F2D /* libsqlite3.0.dylib */,
				4BB8020B191F00F000662F2D /* Foundation.framework */,
				4BB8020D191F00F000662F2D /* CoreGraphics.framework */,
				4BB8020F191F00F000662F2D /* UIKit.framework */,
				4BB8022D191F00F000662F2D /* XCTest.framework */,
			);
			name = Frameworks;
			sourceTree = "<group>";
		};
		4BB80211191F00F000662F2D /* MFStudy */ = {
			isa = PBXGroup;
			children = (
				4BB8024C191F2DCE00662F2D /* Vendor */,
				4BB80259191F2F7400662F2D /* Database */,
				4BB80243191F048700662F2D /* Tool */,
				4BB80247191F2CF500662F2D /* Model */,
				4BB80248191F2D0700662F2D /* View */,
				4BB80249191F2D0F00662F2D /* Controller */,
				4BB8024A191F2D2800662F2D /* Resource */,
				4BB80271191F381E00662F2D /* Constant */,
				4BB8021A191F00F000662F2D /* MFAppDelegate.h */,
				4BB8021B191F00F000662F2D /* MFAppDelegate.m */,
				4BB80226191F00F000662F2D /* Images.xcassets */,
				4BB80212191F00F000662F2D /* Supporting Files */,
			);
			path = MFStudy;
			sourceTree = "<group>";
		};
		4BB80212191F00F000662F2D /* Supporting Files */ = {
			isa = PBXGroup;
			children = (
				4BB80213191F00F000662F2D /* MFStudy-Info.plist */,
				4BB80214191F00F000662F2D /* InfoPlist.strings */,
				4BB80217191F00F000662F2D /* main.m */,
				4BB80219191F00F000662F2D /* MFStudy-Prefix.pch */,
			);
			name = "Supporting Files";
			sourceTree = "<group>";
		};
		4BB80233191F00F000662F2D /* MFStudyTests */ = {
			isa = PBXGroup;
			children = (
				4BB80239191F00F000662F2D /* MFStudyTests.m */,
				4BB80234191F00F000662F2D /* Supporting Files */,
			);
			path = MFStudyTests;
			sourceTree = "<group>";
		};
		4BB80234191F00F000662F2D /* Supporting Files */ = {
			isa = PBXGroup;
			children = (
				4BB80235191F00F000662F2D /* MFStudyTests-Info.plist */,
				4BB80236191F00F000662F2D /* InfoPlist.strings */,
			);
			name = "Supporting Files";
			sourceTree = "<group>";
		};
		4BB80243191F048700662F2D /* Tool */ = {
			isa = PBXGroup;
			children = (
				4BB80244191F04A000662F2D /* MFSystemInfo.h */,
				4BB80245191F04A000662F2D /* MFSystemInfo.m */,
			);
			name = Tool;
			sourceTree = "<group>";
		};
		4BB80247191F2CF500662F2D /* Model */ = {
			isa = PBXGroup;
			children = (
			);
			name = Model;
			sourceTree = "<group>";
		};
		4BB80248191F2D0700662F2D /* View */ = {
			isa = PBXGroup;
			children = (
			);
			name = View;
			sourceTree = "<group>";
		};
		4BB80249191F2D0F00662F2D /* Controller */ = {
			isa = PBXGroup;
			children = (
				4BB80220191F00F000662F2D /* MFListViewController.h */,
				4BB80221191F00F000662F2D /* MFListViewController.m */,
				4BB80223191F00F000662F2D /* MFAboutViewController.h */,
				4BB80224191F00F000662F2D /* MFAboutViewController.m */,
				4BB80275191F3E6300662F2D /* MFFMDBViewController.h */,
				4BB80276191F3E6300662F2D /* MFFMDBViewController.m */,
			);
			name = Controller;
			sourceTree = "<group>";
		};
		4BB8024A191F2D2800662F2D /* Resource */ = {
			isa = PBXGroup;
			children = (
				4BB80277191F3E6300662F2D /* MFFMDBViewController.xib */,
				4BB8021D191F00F000662F2D /* Main.storyboard */,
			);
			name = Resource;
			sourceTree = "<group>";
		};
		4BB8024C191F2DCE00662F2D /* Vendor */ = {
			isa = PBXGroup;
			children = (
				4BB8025D191F357900662F2D /* FMDB */,
			);
			name = Vendor;
			sourceTree = "<group>";
		};
		4BB80259191F2F7400662F2D /* Database */ = {
			isa = PBXGroup;
			children = (
				4BB8025A191F2F9700662F2D /* MFDatabaseManager.h */,
				4BB8025B191F2F9700662F2D /* MFDatabaseManager.m */,
			);
			name = Database;
			sourceTree = "<group>";
		};
		4BB8025D191F357900662F2D /* FMDB */ = {
			isa = PBXGroup;
			children = (
				4BB8025E191F359B00662F2D /* FMDatabase+InMemoryOnDiskIO.h */,
				4BB8025F191F359B00662F2D /* FMDatabase+InMemoryOnDiskIO.m */,
				4BB80260191F359B00662F2D /* FMDatabase.h */,
				4BB80261191F359B00662F2D /* FMDatabase.m */,
				4BB80262191F359B00662F2D /* FMDatabaseAdditions.h */,
				4BB80263191F359B00662F2D /* FMDatabaseAdditions.m */,
				4BB80264191F359B00662F2D /* FMDatabasePool.h */,
				4BB80265191F359B00662F2D /* FMDatabasePool.m */,
				4BB80266191F359B00662F2D /* FMDatabaseQueue.h */,
				4BB80267191F359B00662F2D /* FMDatabaseQueue.m */,
				4BB80268191F359B00662F2D /* FMDB.h */,
				4BB80269191F359B00662F2D /* FMResultSet.h */,
				4BB8026A191F359B00662F2D /* FMResultSet.m */,
			);
			name = FMDB;
			sourceTree = "<group>";
		};
		4BB80271191F381E00662F2D /* Constant */ = {
			isa = PBXGroup;
			children = (
				4BB80272191F384D00662F2D /* NotificationHeader.h */,
				4BB80274191F38B800662F2D /* Constant.h */,
			);
			name = Constant;
			sourceTree = "<group>";
		};
/* End PBXGroup section */

/* Begin PBXNativeTarget section */
		4BB80207191F00F000662F2D /* MFStudy */ = {
			isa = PBXNativeTarget;
			buildConfigurationList = 4BB8023D191F00F000662F2D /* Build configuration list for PBXNativeTarget "MFStudy" */;
			buildPhases = (
				4BB80204191F00F000662F2D /* Sources */,
				4BB80205191F00F000662F2D /* Frameworks */,
				4BB80206191F00F000662F2D /* Resources */,
			);
			buildRules = (
			);
			dependencies = (
			);
			name = MFStudy;
			productName = MFStudy;
			productReference = 4BB80208191F00F000662F2D /* MFStudy.app */;
			productType = "com.apple.product-type.application";
		};
		4BB8022B191F00F000662F2D /* MFStudyTests */ = {
			isa = PBXNativeTarget;
			buildConfigurationList = 4BB80240191F00F000662F2D /* Build configuration list for PBXNativeTarget "MFStudyTests" */;
			buildPhases = (
				4BB80228191F00F000662F2D /* Sources */,
				4BB80229191F00F000662F2D /* Frameworks */,
				4BB8022A191F00F000662F2D /* Resources */,
			);
			buildRules = (
			);
			dependencies = (
				4BB80232191F00F000662F2D /* PBXTargetDependency */,
			);
			name = MFStudyTests;
			productName = MFStudyTests;
			productReference = 4BB8022C191F00F000662F2D /* MFStudyTests.xctest */;
			productType = "com.apple.product-type.bundle.unit-test";
		};
/* End PBXNativeTarget section */

/* Begin PBXProject section */
		4BB80200191F00F000662F2D /* Project object */ = {
			isa = PBXProject;
			attributes = {
				CLASSPREFIX = MF;
				LastUpgradeCheck = 0510;
				ORGANIZATIONNAME = monkeyfriendofchina;
				TargetAttributes = {
					4BB8022B191F00F000662F2D = {
						TestTargetID = 4BB80207191F00F000662F2D;
					};
				};
			};
			buildConfigurationList = 4BB80203191F00F000662F2D /* Build configuration list for PBXProject "MFStudy" */;
			compatibilityVersion = "Xcode 3.2";
			developmentRegion = English;
			hasScannedForEncodings = 0;
			knownRegions = (
				en,
				Base,
			);
			mainGroup = 4BB801FF191F00F000662F2D;
			productRefGroup = 4BB80209191F00F000662F2D /* Products */;
			projectDirPath = "";
			projectRoot = "";
			targets = (
				4BB80207191F00F000662F2D /* MFStudy */,
				4BB8022B191F00F000662F2D /* MFStudyTests */,
			);
		};
/* End PBXProject section */

/* Begin PBXResourcesBuildPhase section */
		4BB80206191F00F000662F2D /* Resources */ = {
			isa = PBXResourcesBuildPhase;
			buildActionMask = 2147483647;
			files = (
				4BB80279191F3E6300662F2D /* MFFMDBViewController.xib in Resources */,
				4BB80227191F00F000662F2D /* Images.xcassets in Resources */,
				4BB80216191F00F000662F2D /* InfoPlist.strings in Resources */,
				4BB8021F191F00F000662F2D /* Main.storyboard in Resources */,
			);
			runOnlyForDeploymentPostprocessing = 0;
		};
		4BB8022A191F00F000662F2D /* Resources */ = {
			isa = PBXResourcesBuildPhase;
			buildActionMask = 2147483647;
			files = (
				4BB80238191F00F000662F2D /* InfoPlist.strings in Resources */,
			);
			runOnlyForDeploymentPostprocessing = 0;
		};
/* End PBXResourcesBuildPhase section */

/* Begin PBXSourcesBuildPhase section */
		4BB80204191F00F000662F2D /* Sources */ = {
			isa = PBXSourcesBuildPhase;
			buildActionMask = 2147483647;
			files = (
				4BB80246191F04A000662F2D /* MFSystemInfo.m in Sources */,
				4BB80222191F00F000662F2D /* MFListViewController.m in Sources */,
				4BB80225191F00F000662F2D /* MFAboutViewController.m in Sources */,
				4BB8026B191F359B00662F2D /* FMDatabase+InMemoryOnDiskIO.m in Sources */,
				4BB8025C191F2F9700662F2D /* MFDatabaseManager.m in Sources */,
				4BB8026D191F359B00662F2D /* FMDatabaseAdditions.m in Sources */,
				4BB80270191F359B00662F2D /* FMResultSet.m in Sources */,
				4BB80218191F00F000662F2D /* main.m in Sources */,
				4BB8026E191F359B00662F2D /* FMDatabasePool.m in Sources */,
				4BB80278191F3E6300662F2D /* MFFMDBViewController.m in Sources */,
				4BB8026F191F359B00662F2D /* FMDatabaseQueue.m in Sources */,
				4BB8021C191F00F000662F2D /* MFAppDelegate.m in Sources */,
				4BB8026C191F359B00662F2D /* FMDatabase.m in Sources */,
			);
			runOnlyForDeploymentPostprocessing = 0;
		};
		4BB80228191F00F000662F2D /* Sources */ = {
			isa = PBXSourcesBuildPhase;
			buildActionMask = 2147483647;
			files = (
				4BB8023A191F00F000662F2D /* MFStudyTests.m in Sources */,
			);
			runOnlyForDeploymentPostprocessing = 0;
		};
/* End PBXSourcesBuildPhase section */

/* Begin PBXTargetDependency section */
		4BB80232191F00F000662F2D /* PBXTargetDependency */ = {
			isa = PBXTargetDependency;
			target = 4BB80207191F00F000662F2D /* MFStudy */;
			targetProxy = 4BB80231191F00F000662F2D /* PBXContainerItemProxy */;
		};
/* End PBXTargetDependency section */

/* Begin PBXVariantGroup section */
		4BB80214191F00F000662F2D /* InfoPlist.strings */ = {
			isa = PBXVariantGroup;
			children = (
				4BB80215191F00F000662F2D /* en */,
			);
			name = InfoPlist.strings;
			sourceTree = "<group>";
		};
		4BB8021D191F00F000662F2D /* Main.storyboard */ = {
			isa = PBXVariantGroup;
			children = (
				4BB8021E191F00F000662F2D /* Base */,
			);
			name = Main.storyboard;
			sourceTree = "<group>";
		};
		4BB80236191F00F000662F2D /* InfoPlist.strings */ = {
			isa = PBXVariantGroup;
			children = (
				4BB80237191F00F000662F2D /* en */,
			);
			name = InfoPlist.strings;
			sourceTree = "<group>";
		};
/* End PBXVariantGroup section */

/* Begin XCBuildConfiguration section */
		4BB8023B191F00F000662F2D /* Debug */ = {
			isa = XCBuildConfiguration;
			buildSettings = {
				ALWAYS_SEARCH_USER_PATHS = NO;
				CLANG_CXX_LANGUAGE_STANDARD = "gnu++0x";
				CLANG_CXX_LIBRARY = "libc++";
				CLANG_ENABLE_MODULES = YES;
				CLANG_ENABLE_OBJC_ARC = YES;
				CLANG_WARN_BOOL_CONVERSION = YES;
				CLANG_WARN_CONSTANT_CONVERSION = YES;
				CLANG_WARN_DIRECT_OBJC_ISA_USAGE = YES_ERROR;
				CLANG_WARN_EMPTY_BODY = YES;
				CLANG_WARN_ENUM_CONVERSION = YES;
				CLANG_WARN_INT_CONVERSION = YES;
				CLANG_WARN_OBJC_ROOT_CLASS = YES_ERROR;
				CLANG_WARN__DUPLICATE_METHOD_MATCH = YES;
				"CODE_SIGN_IDENTITY[sdk=iphoneos*]" = "iPhone Developer";
				COPY_PHASE_STRIP = NO;
				GCC_C_LANGUAGE_STANDARD = gnu99;
				GCC_DYNAMIC_NO_PIC = NO;
				GCC_OPTIMIZATION_LEVEL = 0;
				GCC_PREPROCESSOR_DEFINITIONS = (
					"DEBUG=1",
					"$(inherited)",
				);
				GCC_SYMBOLS_PRIVATE_EXTERN = NO;
				GCC_WARN_64_TO_32_BIT_CONVERSION = YES;
				GCC_WARN_ABOUT_RETURN_TYPE = YES_ERROR;
				GCC_WARN_UNDECLARED_SELECTOR = YES;
				GCC_WARN_UNINITIALIZED_AUTOS = YES_AGGRESSIVE;
				GCC_WARN_UNUSED_FUNCTION = YES;
				GCC_WARN_UNUSED_VARIABLE = YES;
				IPHONEOS_DEPLOYMENT_TARGET = 7.1;
				ONLY_ACTIVE_ARCH = YES;
				SDKROOT = iphoneos;
			};
			name = Debug;
		};
		4BB8023C191F00F000662F2D /* Release */ = {
			isa = XCBuildConfiguration;
			buildSettings = {
				ALWAYS_SEARCH_USER_PATHS = NO;
				CLANG_CXX_LANGUAGE_STANDARD = "gnu++0x";
				CLANG_CXX_LIBRARY = "libc++";
				CLANG_ENABLE_MODULES = YES;
				CLANG_ENABLE_OBJC_ARC = YES;
				CLANG_WARN_BOOL_CONVERSION = YES;
				CLANG_WARN_CONSTANT_CONVERSION = YES;
				CLANG_WARN_DIRECT_OBJC_ISA_USAGE = YES_ERROR;
				CLANG_WARN_EMPTY_BODY = YES;
				CLANG_WARN_ENUM_CONVERSION = YES;
				CLANG_WARN_INT_CONVERSION = YES;
				CLANG_WARN_OBJC_ROOT_CLASS = YES_ERROR;
				CLANG_WARN__DUPLICATE_METHOD_MATCH = YES;
				"CODE_SIGN_IDENTITY[sdk=iphoneos*]" = "iPhone Developer";
				COPY_PHASE_STRIP = YES;
				ENABLE_NS_ASSERTIONS = NO;
				GCC_C_LANGUAGE_STANDARD = gnu99;
				GCC_WARN_64_TO_32_BIT_CONVERSION = YES;
				GCC_WARN_ABOUT_RETURN_TYPE = YES_ERROR;
				GCC_WARN_UNDECLARED_SELECTOR = YES;
				GCC_WARN_UNINITIALIZED_AUTOS = YES_AGGRESSIVE;
				GCC_WARN_UNUSED_FUNCTION = YES;
				GCC_WARN_UNUSED_VARIABLE = YES;
				IPHONEOS_DEPLOYMENT_TARGET = 7.1;
				SDKROOT = iphoneos;
				VALIDATE_PRODUCT = YES;
			};
			name = Release;
		};
		4BB8023E191F00F000662F2D /* Debug */ = {
			isa = XCBuildConfiguration;
			buildSettings = {
				ASSETCATALOG_COMPILER_APPICON_NAME = AppIcon;
				ASSETCATALOG_COMPILER_LAUNCHIMAGE_NAME = LaunchImage;
				GCC_PRECOMPILE_PREFIX_HEADER = YES;
				GCC_PREFIX_HEADER = "MFStudy/MFStudy-Prefix.pch";
				INFOPLIST_FILE = "MFStudy/MFStudy-Info.plist";
				PRODUCT_NAME = "$(TARGET_NAME)";
				WRAPPER_EXTENSION = app;
			};
			name = Debug;
		};
		4BB8023F191F00F000662F2D /* Release */ = {
			isa = XCBuildConfiguration;
			buildSettings = {
				ASSETCATALOG_COMPILER_APPICON_NAME = AppIcon;
				ASSETCATALOG_COMPILER_LAUNCHIMAGE_NAME = LaunchImage;
				GCC_PRECOMPILE_PREFIX_HEADER = YES;
				GCC_PREFIX_HEADER = "MFStudy/MFStudy-Prefix.pch";
				INFOPLIST_FILE = "MFStudy/MFStudy-Info.plist";
				PRODUCT_NAME = "$(TARGET_NAME)";
				WRAPPER_EXTENSION = app;
			};
			name = Release;
		};
		4BB80241191F00F000662F2D /* Debug */ = {
			isa = XCBuildConfiguration;
			buildSettings = {
				BUNDLE_LOADER = "$(BUILT_PRODUCTS_DIR)/MFStudy.app/MFStudy";
				FRAMEWORK_SEARCH_PATHS = (
					"$(SDKROOT)/Developer/Library/Frameworks",
					"$(inherited)",
					"$(DEVELOPER_FRAMEWORKS_DIR)",
				);
				GCC_PRECOMPILE_PREFIX_HEADER = YES;
				GCC_PREFIX_HEADER = "MFStudy/MFStudy-Prefix.pch";
				GCC_PREPROCESSOR_DEFINITIONS = (
					"DEBUG=1",
					"$(inherited)",
				);
				INFOPLIST_FILE = "MFStudyTests/MFStudyTests-Info.plist";
				PRODUCT_NAME = "$(TARGET_NAME)";
				TEST_HOST = "$(BUNDLE_LOADER)";
				WRAPPER_EXTENSION = xctest;
			};
			name = Debug;
		};
		4BB80242191F00F000662F2D /* Release */ = {
			isa = XCBuildConfiguration;
			buildSettings = {
				BUNDLE_LOADER = "$(BUILT_PRODUCTS_DIR)/MFStudy.app/MFStudy";
				FRAMEWORK_SEARCH_PATHS = (
					"$(SDKROOT)/Developer/Library/Frameworks",
					"$(inherited)",
					"$(DEVELOPER_FRAMEWORKS_DIR)",
				);
				GCC_PRECOMPILE_PREFIX_HEADER = YES;
				GCC_PREFIX_HEADER = "MFStudy/MFStudy-Prefix.pch";
				INFOPLIST_FILE = "MFStudyTests/MFStudyTests-Info.plist";
				PRODUCT_NAME = "$(TARGET_NAME)";
				TEST_HOST = "$(BUNDLE_LOADER)";
				WRAPPER_EXTENSION = xctest;
			};
			name = Release;
		};
/* End XCBuildConfiguration section */

/* Begin XCConfigurationList section */
		4BB80203191F00F000662F2D /* Build configuration list for PBXProject "MFStudy" */ = {
			isa = XCConfigurationList;
			buildConfigurations = (
				4BB8023B191F00F000662F2D /* Debug */,
				4BB8023C191F00F000662F2D /* Release */,
			);
			defaultConfigurationIsVisible = 0;
			defaultConfigurationName = Release;
		};
		4BB8023D191F00F000662F2D /* Build configuration list for PBXNativeTarget "MFStudy" */ = {
			isa = XCConfigurationList;
			buildConfigurations = (
				4BB8023E191F00F000662F2D /* Debug */,
				4BB8023F191F00F000662F2D /* Release */,
			);
			defaultConfigurationIsVisible = 0;
		};
		4BB80240191F00F000662F2D /* Build configuration list for PBXNativeTarget "MFStudyTests" */ = {
			isa = XCConfigurationList;
			buildConfigurations = (
				4BB80241191F00F000662F2D /* Debug */,
				4BB80242191F00F000662F2D /* Release */,
			);
			defaultConfigurationIsVisible = 0;
		};
/* End XCConfigurationList section */
	};
	rootObject = 4BB80200191F00F000662F2D /* Project object */;
}
